
Microsoft Visual Studio Solution File, Format Version 12.00
# Visual Studio Version 16
VisualStudioVersion = 16.0.31624.102
MinimumVisualStudioVersion = 10.0.40219.1
Project("{9A19103F-16F7-4668-BE54-9A1E7A4F7556}") = "RunningContest", "RunningContest.csproj", "{1D766E7A-A4B4-40F1-B46C-3CF2AB005FA2}"
EndProject
Project("{FAE04EC0-301F-11D3-BF4B-00C04F79EFBC}") = "RunningContest.Tests", "..\RunningContest.Tests\RunningContest.Tests.csproj", "{5CB2D238-D5BC-486D-9C48-D4EA750B65F9}"
EndProject
Global
	GlobalSection(SolutionConfigurationPlatforms) = preSolution
		Debug|Any CPU = Debug|Any CPU
		Release|Any CPU = Release|Any CPU
	EndGlobalSection
	GlobalSection(ProjectConfigurationPlatforms) = postSolution
		{1D766E7A-A4B4-40F1-B46C-3CF2AB005FA2}.Debug|Any CPU.ActiveCfg = Debug|Any CPU
		{1D766E7A-A4B4-40F1-B46C-3CF2AB005FA2}.Debug|Any CPU.Build.0 = Debug|Any CPU
		{1D766E7A-A4B4-40F1-B46C-3CF2AB005FA2}.Release|Any CPU.ActiveCfg = Release|Any CPU
		{1D766E7A-A4B4-40F1-B46C-3CF2AB005FA2}.Release|Any CPU.Build.0 = Release|Any CPU
		{5CB2D238-D5BC-486D-9C48-D4EA750B65F9}.Debug|Any CPU.ActiveCfg = Debug|Any CPU
		{5CB2D238-D5BC-486D-9C48-D4EA750B65F9}.Debug|Any CPU.Build.0 = Debug|Any CPU
		{5CB2D238-D5BC-486D-9C48-D4EA750B65F9}.Release|Any CPU.ActiveCfg = Release|Any CPU
		{5CB2D238-D5BC-486D-9C48-D4EA750B65F9}.Release|Any CPU.Build.0 = Release|Any CPU
	EndGlobalSection
	GlobalSection(SolutionProperties) = preSolution
		HideSolutionNode = FALSE
	EndGlobalSection
	GlobalSection(ExtensibilityGlobals) = postSolution
		SolutionGuid = {324A611C-B91A-49F0-BC96-B237994FD1BD}
	EndGlobalSection
EndGlobal
